
Microsoft Visual Studio Solution File, Format Version 12.00
# Visual Studio 15
VisualStudioVersion = 15.0.26124.0
MinimumVisualStudioVersion = 15.0.26124.0
Project("{FAE04EC0-301F-11D3-BF4B-00C04F79EFBC}") = "Application", "application\Application.csproj", "{4424E703-92D9-4E93-B30B-8B96F2F2A551}"
EndProject
Project("{FAE04EC0-301F-11D3-BF4B-00C04F79EFBC}") = "Domain", "domain\Domain.csproj", "{4A718799-A8BE-4C3A-9E7B-3A96B39C6246}"
EndProject
Project("{FAE04EC0-301F-11D3-BF4B-00C04F79EFBC}") = "Persistence", "Persistence\Persistence.csproj", "{A88BEA69-5ECF-4CF2-BB4A-716899BA917F}"
EndProject
Project("{FAE04EC0-301F-11D3-BF4B-00C04F79EFBC}") = "API", "api\API.csproj", "{FA0533B7-762D-443E-8152-4E9A0FC0FBC2}"
EndProject
Global
	GlobalSection(SolutionConfigurationPlatforms) = preSolution
		Debug|Any CPU = Debug|Any CPU
		Debug|x64 = Debug|x64
		Debug|x86 = Debug|x86
		Release|Any CPU = Release|Any CPU
		Release|x64 = Release|x64
		Release|x86 = Release|x86
	EndGlobalSection
	GlobalSection(SolutionProperties) = preSolution
		HideSolutionNode = FALSE
	EndGlobalSection
	GlobalSection(ProjectConfigurationPlatforms) = postSolution
		{4424E703-92D9-4E93-B30B-8B96F2F2A551}.Debug|Any CPU.ActiveCfg = Debug|Any CPU
		{4424E703-92D9-4E93-B30B-8B96F2F2A551}.Debug|Any CPU.Build.0 = Debug|Any CPU
		{4424E703-92D9-4E93-B30B-8B96F2F2A551}.Debug|x64.ActiveCfg = Debug|Any CPU
		{4424E703-92D9-4E93-B30B-8B96F2F2A551}.Debug|x64.Build.0 = Debug|Any CPU
		{4424E703-92D9-4E93-B30B-8B96F2F2A551}.Debug|x86.ActiveCfg = Debug|Any CPU
		{4424E703-92D9-4E93-B30B-8B96F2F2A551}.Debug|x86.Build.0 = Debug|Any CPU
		{4424E703-92D9-4E93-B30B-8B96F2F2A551}.Release|Any CPU.ActiveCfg = Release|Any CPU
		{4424E703-92D9-4E93-B30B-8B96F2F2A551}.Release|Any CPU.Build.0 = Release|Any CPU
		{4424E703-92D9-4E93-B30B-8B96F2F2A551}.Release|x64.ActiveCfg = Release|Any CPU
		{4424E703-92D9-4E93-B30B-8B96F2F2A551}.Release|x64.Build.0 = Release|Any CPU
		{4424E703-92D9-4E93-B30B-8B96F2F2A551}.Release|x86.ActiveCfg = Release|Any CPU
		{4424E703-92D9-4E93-B30B-8B96F2F2A551}.Release|x86.Build.0 = Release|Any CPU
		{4A718799-A8BE-4C3A-9E7B-3A96B39C6246}.Debug|Any CPU.ActiveCfg = Debug|Any CPU
		{4A718799-A8BE-4C3A-9E7B-3A96B39C6246}.Debug|Any CPU.Build.0 = Debug|Any CPU
		{4A718799-A8BE-4C3A-9E7B-3A96B39C6246}.Debug|x64.ActiveCfg = Debug|Any CPU
		{4A718799-A8BE-4C3A-9E7B-3A96B39C6246}.Debug|x64.Build.0 = Debug|Any CPU
		{4A718799-A8BE-4C3A-9E7B-3A96B39C6246}.Debug|x86.ActiveCfg = Debug|Any CPU
		{4A718799-A8BE-4C3A-9E7B-3A96B39C6246}.Debug|x86.Build.0 = Debug|Any CPU
		{4A718799-A8BE-4C3A-9E7B-3A96B39C6246}.Release|Any CPU.ActiveCfg = Release|Any CPU
		{4A718799-A8BE-4C3A-9E7B-3A96B39C6246}.Release|Any CPU.Build.0 = Release|Any CPU
		{4A718799-A8BE-4C3A-9E7B-3A96B39C6246}.Release|x64.ActiveCfg = Release|Any CPU
		{4A718799-A8BE-4C3A-9E7B-3A96B39C6246}.Release|x64.Build.0 = Release|Any CPU
		{4A718799-A8BE-4C3A-9E7B-3A96B39C6246}.Release|x86.ActiveCfg = Release|Any CPU
		{4A718799-A8BE-4C3A-9E7B-3A96B39C6246}.Release|x86.Build.0 = Release|Any CPU
		{A88BEA69-5ECF-4CF2-BB4A-716899BA917F}.Debug|Any CPU.ActiveCfg = Debug|Any CPU
		{A88BEA69-5ECF-4CF2-BB4A-716899BA917F}.Debug|Any CPU.Build.0 = Debug|Any CPU
		{A88BEA69-5ECF-4CF2-BB4A-716899BA917F}.Debug|x64.ActiveCfg = Debug|Any CPU
		{A88BEA69-5ECF-4CF2-BB4A-716899BA917F}.Debug|x64.Build.0 = Debug|Any CPU
		{A88BEA69-5ECF-4CF2-BB4A-716899BA917F}.Debug|x86.ActiveCfg = Debug|Any CPU
		{A88BEA69-5ECF-4CF2-BB4A-716899BA917F}.Debug|x86.Build.0 = Debug|Any CPU
		{A88BEA69-5ECF-4CF2-BB4A-716899BA917F}.Release|Any CPU.ActiveCfg = Release|Any CPU
		{A88BEA69-5ECF-4CF2-BB4A-716899BA917F}.Release|Any CPU.Build.0 = Release|Any CPU
		{A88BEA69-5ECF-4CF2-BB4A-716899BA917F}.Release|x64.ActiveCfg = Release|Any CPU
		{A88BEA69-5ECF-4CF2-BB4A-716899BA917F}.Release|x64.Build.0 = Release|Any CPU
		{A88BEA69-5ECF-4CF2-BB4A-716899BA917F}.Release|x86.ActiveCfg = Release|Any CPU
		{A88BEA69-5ECF-4CF2-BB4A-716899BA917F}.Release|x86.Build.0 = Release|Any CPU
		{FA0533B7-762D-443E-8152-4E9A0FC0FBC2}.Debug|Any CPU.ActiveCfg = Debug|Any CPU
		{FA0533B7-762D-443E-8152-4E9A0FC0FBC2}.Debug|Any CPU.Build.0 = Debug|Any CPU
		{FA0533B7-762D-443E-8152-4E9A0FC0FBC2}.Debug|x64.ActiveCfg = Debug|Any CPU
		{FA0533B7-762D-443E-8152-4E9A0FC0FBC2}.Debug|x64.Build.0 = Debug|Any CPU
		{FA0533B7-762D-443E-8152-4E9A0FC0FBC2}.Debug|x86.ActiveCfg = Debug|Any CPU
		{FA0533B7-762D-443E-8152-4E9A0FC0FBC2}.Debug|x86.Build.0 = Debug|Any CPU
		{FA0533B7-762D-443E-8152-4E9A0FC0FBC2}.Release|Any CPU.ActiveCfg = Release|Any CPU
		{FA0533B7-762D-443E-8152-4E9A0FC0FBC2}.Release|Any CPU.Build.0 = Release|Any CPU
		{FA0533B7-762D-443E-8152-4E9A0FC0FBC2}.Release|x64.ActiveCfg = Release|Any CPU
		{FA0533B7-762D-443E-8152-4E9A0FC0FBC2}.Release|x64.Build.0 = Release|Any CPU
		{FA0533B7-762D-443E-8152-4E9A0FC0FBC2}.Release|x86.ActiveCfg = Release|Any CPU
		{FA0533B7-762D-443E-8152-4E9A0FC0FBC2}.Release|x86.Build.0 = Release|Any CPU
	EndGlobalSection
EndGlobal
